
Microsoft Visual Studio Solution File, Format Version 12.00
# Visual Studio Version 17
VisualStudioVersion = 17.2.32630.192
MinimumVisualStudioVersion = 10.0.40219.1
Project("{FAE04EC0-301F-11D3-BF4B-00C04F79EFBC}") = "StreamsExample", "StreamsExample\StreamsExample.csproj", "{741B31BB-6601-4C48-A687-7E491CC12DE3}"
EndProject
Global
	GlobalSection(SolutionConfigurationPlatforms) = preSolution
		Debug|Any CPU = Debug|Any CPU
		Release|Any CPU = Release|Any CPU
	EndGlobalSection
	GlobalSection(ProjectConfigurationPlatforms) = postSolution
		{741B31BB-6601-4C48-A687-7E491CC12DE3}.Debug|Any CPU.ActiveCfg = Debug|Any CPU
		{741B31BB-6601-4C48-A687-7E491CC12DE3}.Debug|Any CPU.Build.0 = Debug|Any CPU
		{741B31BB-6601-4C48-A687-7E491CC12DE3}.Release|Any CPU.ActiveCfg = Release|Any CPU
		{741B31BB-6601-4C48-A687-7E491CC12DE3}.Release|Any CPU.Build.0 = Release|Any CPU
	EndGlobalSection
	GlobalSection(SolutionProperties) = preSolution
		HideSolutionNode = FALSE
	EndGlobalSection
	GlobalSection(ExtensibilityGlobals) = postSolution
		SolutionGuid = {F8A21931-26C0-4C1D-B315-6E42CA044E05}
	EndGlobalSection
EndGlobal
